
Microsoft Visual Studio Solution File, Format Version 12.00
# Visual Studio Version 16
VisualStudioVersion = 16.0.29503.13
MinimumVisualStudioVersion = 10.0.40219.1
Project("{8BC9CEB8-8B4A-11D0-8D11-00A0C91BC942}") = "project_TCP모드", "project_TCP모드.vcxproj", "{671AA4FB-DF09-4516-BBB0-9BFBF60D06E9}"
EndProject
Global
	GlobalSection(SolutionConfigurationPlatforms) = preSolution
		Debug|x64 = Debug|x64
		Debug|x86 = Debug|x86
		Release|x64 = Release|x64
		Release|x86 = Release|x86
	EndGlobalSection
	GlobalSection(ProjectConfigurationPlatforms) = postSolution
		{671AA4FB-DF09-4516-BBB0-9BFBF60D06E9}.Debug|x64.ActiveCfg = Debug|x64
		{671AA4FB-DF09-4516-BBB0-9BFBF60D06E9}.Debug|x64.Build.0 = Debug|x64
		{671AA4FB-DF09-4516-BBB0-9BFBF60D06E9}.Debug|x86.ActiveCfg = Debug|Win32
		{671AA4FB-DF09-4516-BBB0-9BFBF60D06E9}.Debug|x86.Build.0 = Debug|Win32
		{671AA4FB-DF09-4516-BBB0-9BFBF60D06E9}.Release|x64.ActiveCfg = Release|x64
		{671AA4FB-DF09-4516-BBB0-9BFBF60D06E9}.Release|x64.Build.0 = Release|x64
		{671AA4FB-DF09-4516-BBB0-9BFBF60D06E9}.Release|x86.ActiveCfg = Release|Win32
		{671AA4FB-DF09-4516-BBB0-9BFBF60D06E9}.Release|x86.Build.0 = Release|Win32
	EndGlobalSection
	GlobalSection(SolutionProperties) = preSolution
		HideSolutionNode = FALSE
	EndGlobalSection
	GlobalSection(ExtensibilityGlobals) = postSolution
		SolutionGuid = {BF6E31B6-4151-4D38-8EE6-AD89A908864C}
	EndGlobalSection
EndGlobal
